// !$*UTF8*$!
{
	archiveVersion = 1;
	classes = {
	};
	objectVersion = 55;
	objects = {

/* Begin PBXBuildFile section */
		6DE532A8272E8E0E00DCBEBF /* AppDelegate.swift in Sources */ = {isa = PBXBuildFile; fileRef = 6DE532A7272E8E0E00DCBEBF /* AppDelegate.swift */; };
		6DE532AA272E8E0E00DCBEBF /* SceneDelegate.swift in Sources */ = {isa = PBXBuildFile; fileRef = 6DE532A9272E8E0E00DCBEBF /* SceneDelegate.swift */; };
		6DE532AC272E8E0E00DCBEBF /* ViewController.swift in Sources */ = {isa = PBXBuildFile; fileRef = 6DE532AB272E8E0E00DCBEBF /* ViewController.swift */; };
		6DE532AF272E8E0E00DCBEBF /* Main.storyboard in Resources */ = {isa = PBXBuildFile; fileRef = 6DE532AD272E8E0E00DCBEBF /* Main.storyboard */; };
		6DE532B1272E8E1000DCBEBF /* Assets.xcassets in Resources */ = {isa = PBXBuildFile; fileRef = 6DE532B0272E8E1000DCBEBF /* Assets.xcassets */; };
		6DE532B4272E8E1000DCBEBF /* LaunchScreen.storyboard in Resources */ = {isa = PBXBuildFile; fileRef = 6DE532B2272E8E1000DCBEBF /* LaunchScreen.storyboard */; };
		6DE532BF272E8E1000DCBEBF /* FirebaseDemo_2BTests.swift in Sources */ = {isa = PBXBuildFile; fileRef = 6DE532BE272E8E1000DCBEBF /* FirebaseDemo_2BTests.swift */; };
		6DE532C9272E8E1000DCBEBF /* FirebaseDemo_2BUITests.swift in Sources */ = {isa = PBXBuildFile; fileRef = 6DE532C8272E8E1000DCBEBF /* FirebaseDemo_2BUITests.swift */; };
		6DE532CB272E8E1000DCBEBF /* FirebaseDemo_2BUITestsLaunchTests.swift in Sources */ = {isa = PBXBuildFile; fileRef = 6DE532CA272E8E1000DCBEBF /* FirebaseDemo_2BUITestsLaunchTests.swift */; };
		6DE532D8272E8FE900DCBEBF /* GoogleService-Info.plist in Resources */ = {isa = PBXBuildFile; fileRef = 6DE532D7272E8FE900DCBEBF /* GoogleService-Info.plist */; };
		BCAED478FFC42C298733611C /* Pods_FirebaseDemo_2BTests.framework in Frameworks */ = {isa = PBXBuildFile; fileRef = C165D1C10BB34EAFD48934C4 /* Pods_FirebaseDemo_2BTests.framework */; };
		BE831E5752D4887060EFFBB4 /* Pods_FirebaseDemo_2B_FirebaseDemo_2BUITests.framework in Frameworks */ = {isa = PBXBuildFile; fileRef = 98A1FEBF9A8AD1611A0A2C45 /* Pods_FirebaseDemo_2B_FirebaseDemo_2BUITests.framework */; };
		C40C87C955C0014757532C21 /* Pods_FirebaseDemo_2B.framework in Frameworks */ = {isa = PBXBuildFile; fileRef = F555DAC170D58C7AC356CA2B /* Pods_FirebaseDemo_2B.framework */; };
/* End PBXBuildFile section */

/* Begin PBXContainerItemProxy section */
		6DE532BB272E8E1000DCBEBF /* PBXContainerItemProxy */ = {
			isa = PBXContainerItemProxy;
			containerPortal = 6DE5329C272E8E0E00DCBEBF /* Project object */;
			proxyType = 1;
			remoteGlobalIDString = 6DE532A3272E8E0E00DCBEBF;
			remoteInfo = "FirebaseDemo-2B";
		};
		6DE532C5272E8E1000DCBEBF /* PBXContainerItemProxy */ = {
			isa = PBXContainerItemProxy;
			containerPortal = 6DE5329C272E8E0E00DCBEBF /* Project object */;
			proxyType = 1;
			remoteGlobalIDString = 6DE532A3272E8E0E00DCBEBF;
			remoteInfo = "FirebaseDemo-2B";
		};
/* End PBXContainerItemProxy section */

/* Begin PBXFileReference section */
		5046BD5718C900C2E5D468D0 /* Pods-FirebaseDemo-2B.release.xcconfig */ = {isa = PBXFileReference; includeInIndex = 1; lastKnownFileType = text.xcconfig; name = "Pods-FirebaseDemo-2B.release.xcconfig"; path = "Target Support Files/Pods-FirebaseDemo-2B/Pods-FirebaseDemo-2B.release.xcconfig"; sourceTree = "<group>"; };
		55F09B1F92C4000BC1FAAFE9 /* Pods-FirebaseDemo-2B.debug.xcconfig */ = {isa = PBXFileReference; includeInIndex = 1; lastKnownFileType = text.xcconfig; name = "Pods-FirebaseDemo-2B.debug.xcconfig"; path = "Target Support Files/Pods-FirebaseDemo-2B/Pods-FirebaseDemo-2B.debug.xcconfig"; sourceTree = "<group>"; };
		6DE532A4272E8E0E00DCBEBF /* FirebaseDemo-2B.app */ = {isa = PBXFileReference; explicitFileType = wrapper.application; includeInIndex = 0; path = "FirebaseDemo-2B.app"; sourceTree = BUILT_PRODUCTS_DIR; };
		6DE532A7272E8E0E00DCBEBF /* AppDelegate.swift */ = {isa = PBXFileReference; lastKnownFileType = sourcecode.swift; path = AppDelegate.swift; sourceTree = "<group>"; };
		6DE532A9272E8E0E00DCBEBF /* SceneDelegate.swift */ = {isa = PBXFileReference; lastKnownFileType = sourcecode.swift; path = SceneDelegate.swift; sourceTree = "<group>"; };
		6DE532AB272E8E0E00DCBEBF /* ViewController.swift */ = {isa = PBXFileReference; lastKnownFileType = sourcecode.swift; path = ViewController.swift; sourceTree = "<group>"; };
		6DE532AE272E8E0E00DCBEBF /* Base */ = {isa = PBXFileReference; lastKnownFileType = file.storyboard; name = Base; path = Base.lproj/Main.storyboard; sourceTree = "<group>"; };
		6DE532B0272E8E1000DCBEBF /* Assets.xcassets */ = {isa = PBXFileReference; lastKnownFileType = folder.assetcatalog; path = Assets.xcassets; sourceTree = "<group>"; };
		6DE532B3272E8E1000DCBEBF /* Base */ = {isa = PBXFileReference; lastKnownFileType = file.storyboard; name = Base; path = Base.lproj/LaunchScreen.storyboard; sourceTree = "<group>"; };
		6DE532B5272E8E1000DCBEBF /* Info.plist */ = {isa = PBXFileReference; lastKnownFileType = text.plist.xml; path = Info.plist; sourceTree = "<group>"; };
		6DE532BA272E8E1000DCBEBF /* FirebaseDemo-2BTests.xctest */ = {isa = PBXFileReference; explicitFileType = wrapper.cfbundle; includeInIndex = 0; path = "FirebaseDemo-2BTests.xctest"; sourceTree = BUILT_PRODUCTS_DIR; };
		6DE532BE272E8E1000DCBEBF /* FirebaseDemo_2BTests.swift */ = {isa = PBXFileReference; lastKnownFileType = sourcecode.swift; path = FirebaseDemo_2BTests.swift; sourceTree = "<group>"; };
		6DE532C4272E8E1000DCBEBF /* FirebaseDemo-2BUITests.xctest */ = {isa = PBXFileReference; explicitFileType = wrapper.cfbundle; includeInIndex = 0; path = "FirebaseDemo-2BUITests.xctest"; sourceTree = BUILT_PRODUCTS_DIR; };
		6DE532C8272E8E1000DCBEBF /* FirebaseDemo_2BUITests.swift */ = {isa = PBXFileReference; lastKnownFileType = sourcecode.swift; path = FirebaseDemo_2BUITests.swift; sourceTree = "<group>"; };
		6DE532CA272E8E1000DCBEBF /* FirebaseDemo_2BUITestsLaunchTests.swift */ = {isa = PBXFileReference; lastKnownFileType = sourcecode.swift; path = FirebaseDemo_2BUITestsLaunchTests.swift; sourceTree = "<group>"; };
		6DE532D7272E8FE900DCBEBF /* GoogleService-Info.plist */ = {isa = PBXFileReference; fileEncoding = 4; lastKnownFileType = text.plist.xml; path = "GoogleService-Info.plist"; sourceTree = "<group>"; };
		6DE532DA272EA46300DCBEBF /* FirebaseDemo-2B.entitlements */ = {isa = PBXFileReference; lastKnownFileType = text.plist.entitlements; path = "FirebaseDemo-2B.entitlements"; sourceTree = "<group>"; };
		7D4D80A91A9685D8C88C6B98 /* Pods-FirebaseDemo-2BTests.release.xcconfig */ = {isa = PBXFileReference; includeInIndex = 1; lastKnownFileType = text.xcconfig; name = "Pods-FirebaseDemo-2BTests.release.xcconfig"; path = "Target Support Files/Pods-FirebaseDemo-2BTests/Pods-FirebaseDemo-2BTests.release.xcconfig"; sourceTree = "<group>"; };
		98A1FEBF9A8AD1611A0A2C45 /* Pods_FirebaseDemo_2B_FirebaseDemo_2BUITests.framework */ = {isa = PBXFileReference; explicitFileType = wrapper.framework; includeInIndex = 0; path = Pods_FirebaseDemo_2B_FirebaseDemo_2BUITests.framework; sourceTree = BUILT_PRODUCTS_DIR; };
		A2DE814A1331377C86BC0578 /* Pods-FirebaseDemo-2B-FirebaseDemo-2BUITests.release.xcconfig */ = {isa = PBXFileReference; includeInIndex = 1; lastKnownFileType = text.xcconfig; name = "Pods-FirebaseDemo-2B-FirebaseDemo-2BUITests.release.xcconfig"; path = "Target Support Files/Pods-FirebaseDemo-2B-FirebaseDemo-2BUITests/Pods-FirebaseDemo-2B-FirebaseDemo-2BUITests.release.xcconfig"; sourceTree = "<group>"; };
		BBAE3F92EE83330455A5EA04 /* Pods-FirebaseDemo-2BTests.debug.xcconfig */ = {isa = PBXFileReference; includeInIndex = 1; lastKnownFileType = text.xcconfig; name = "Pods-FirebaseDemo-2BTests.debug.xcconfig"; path = "Target Support Files/Pods-FirebaseDemo-2BTests/Pods-FirebaseDemo-2BTests.debug.xcconfig"; sourceTree = "<group>"; };
		C165D1C10BB34EAFD48934C4 /* Pods_FirebaseDemo_2BTests.framework */ = {isa = PBXFileReference; explicitFileType = wrapper.framework; includeInIndex = 0; path = Pods_FirebaseDemo_2BTests.framework; sourceTree = BUILT_PRODUCTS_DIR; };
		F555DAC170D58C7AC356CA2B /* Pods_FirebaseDemo_2B.framework */ = {isa = PBXFileReference; explicitFileType = wrapper.framework; includeInIndex = 0; path = Pods_FirebaseDemo_2B.framework; sourceTree = BUILT_PRODUCTS_DIR; };
		FA40CFC4B75AE9C94E625342 /* Pods-FirebaseDemo-2B-FirebaseDemo-2BUITests.debug.xcconfig */ = {isa = PBXFileReference; includeInIndex = 1; lastKnownFileType = text.xcconfig; name = "Pods-FirebaseDemo-2B-FirebaseDemo-2BUITests.debug.xcconfig"; path = "Target Support Files/Pods-FirebaseDemo-2B-FirebaseDemo-2BUITests/Pods-FirebaseDemo-2B-FirebaseDemo-2BUITests.debug.xcconfig"; sourceTree = "<group>"; };
/* End PBXFileReference section */

/* Begin PBXFrameworksBuildPhase section */
		6DE532A1272E8E0E00DCBEBF /* Frameworks */ = {
			isa = PBXFrameworksBuildPhase;
			buildActionMask = 2147483647;
			files = (
				C40C87C955C0014757532C21 /* Pods_FirebaseDemo_2B.framework in Frameworks */,
			);
			runOnlyForDeploymentPostprocessing = 0;
		};
		6DE532B7272E8E1000DCBEBF /* Frameworks */ = {
			isa = PBXFrameworksBuildPhase;
			buildActionMask = 2147483647;
			files = (
				BCAED478FFC42C298733611C /* Pods_FirebaseDemo_2BTests.framework in Frameworks */,
			);
			runOnlyForDeploymentPostprocessing = 0;
		};
		6DE532C1272E8E1000DCBEBF /* Frameworks */ = {
			isa = PBXFrameworksBuildPhase;
			buildActionMask = 2147483647;
			files = (
				BE831E5752D4887060EFFBB4 /* Pods_FirebaseDemo_2B_FirebaseDemo_2BUITests.framework in Frameworks */,
			);
			runOnlyForDeploymentPostprocessing = 0;
		};
/* End PBXFrameworksBuildPhase section */

/* Begin PBXGroup section */
		4C2A0B0267CAC3AC21012E0C /* Pods */ = {
			isa = PBXGroup;
			children = (
				55F09B1F92C4000BC1FAAFE9 /* Pods-FirebaseDemo-2B.debug.xcconfig */,
				5046BD5718C900C2E5D468D0 /* Pods-FirebaseDemo-2B.release.xcconfig */,
				FA40CFC4B75AE9C94E625342 /* Pods-FirebaseDemo-2B-FirebaseDemo-2BUITests.debug.xcconfig */,
				A2DE814A1331377C86BC0578 /* Pods-FirebaseDemo-2B-FirebaseDemo-2BUITests.release.xcconfig */,
				BBAE3F92EE83330455A5EA04 /* Pods-FirebaseDemo-2BTests.debug.xcconfig */,
				7D4D80A91A9685D8C88C6B98 /* Pods-FirebaseDemo-2BTests.release.xcconfig */,
			);
			path = Pods;
			sourceTree = "<group>";
		};
		6DE5329B272E8E0E00DCBEBF = {
			isa = PBXGroup;
			children = (
				6DE532A6272E8E0E00DCBEBF /* FirebaseDemo-2B */,
				6DE532BD272E8E1000DCBEBF /* FirebaseDemo-2BTests */,
				6DE532C7272E8E1000DCBEBF /* FirebaseDemo-2BUITests */,
				6DE532A5272E8E0E00DCBEBF /* Products */,
				4C2A0B0267CAC3AC21012E0C /* Pods */,
				74A8FBEC4D10B98F1FAB4B8F /* Frameworks */,
			);
			sourceTree = "<group>";
		};
		6DE532A5272E8E0E00DCBEBF /* Products */ = {
			isa = PBXGroup;
			children = (
				6DE532A4272E8E0E00DCBEBF /* FirebaseDemo-2B.app */,
				6DE532BA272E8E1000DCBEBF /* FirebaseDemo-2BTests.xctest */,
				6DE532C4272E8E1000DCBEBF /* FirebaseDemo-2BUITests.xctest */,
			);
			name = Products;
			sourceTree = "<group>";
		};
		6DE532A6272E8E0E00DCBEBF /* FirebaseDemo-2B */ = {
			isa = PBXGroup;
			children = (
				6DE532DA272EA46300DCBEBF /* FirebaseDemo-2B.entitlements */,
				6DE532A7272E8E0E00DCBEBF /* AppDelegate.swift */,
				6DE532A9272E8E0E00DCBEBF /* SceneDelegate.swift */,
				6DE532AB272E8E0E00DCBEBF /* ViewController.swift */,
				6DE532AD272E8E0E00DCBEBF /* Main.storyboard */,
				6DE532B0272E8E1000DCBEBF /* Assets.xcassets */,
				6DE532B2272E8E1000DCBEBF /* LaunchScreen.storyboard */,
				6DE532B5272E8E1000DCBEBF /* Info.plist */,
				6DE532D7272E8FE900DCBEBF /* GoogleService-Info.plist */,
			);
			path = "FirebaseDemo-2B";
			sourceTree = "<group>";
		};
		6DE532BD272E8E1000DCBEBF /* FirebaseDemo-2BTests */ = {
			isa = PBXGroup;
			children = (
				6DE532BE272E8E1000DCBEBF /* FirebaseDemo_2BTests.swift */,
			);
			path = "FirebaseDemo-2BTests";
			sourceTree = "<group>";
		};
		6DE532C7272E8E1000DCBEBF /* FirebaseDemo-2BUITests */ = {
			isa = PBXGroup;
			children = (
				6DE532C8272E8E1000DCBEBF /* FirebaseDemo_2BUITests.swift */,
				6DE532CA272E8E1000DCBEBF /* FirebaseDemo_2BUITestsLaunchTests.swift */,
			);
			path = "FirebaseDemo-2BUITests";
			sourceTree = "<group>";
		};
		74A8FBEC4D10B98F1FAB4B8F /* Frameworks */ = {
			isa = PBXGroup;
			children = (
				F555DAC170D58C7AC356CA2B /* Pods_FirebaseDemo_2B.framework */,
				98A1FEBF9A8AD1611A0A2C45 /* Pods_FirebaseDemo_2B_FirebaseDemo_2BUITests.framework */,
				C165D1C10BB34EAFD48934C4 /* Pods_FirebaseDemo_2BTests.framework */,
			);
			name = Frameworks;
			sourceTree = "<group>";
		};
/* End PBXGroup section */

/* Begin PBXNativeTarget section */
		6DE532A3272E8E0E00DCBEBF /* FirebaseDemo-2B */ = {
			isa = PBXNativeTarget;
			buildConfigurationList = 6DE532CE272E8E1000DCBEBF /* Build configuration list for PBXNativeTarget "FirebaseDemo-2B" */;
			buildPhases = (
				A3011731B51B1FEF2ABC1582 /* [CP] Check Pods Manifest.lock */,
				6DE532A0272E8E0E00DCBEBF /* Sources */,
				6DE532A1272E8E0E00DCBEBF /* Frameworks */,
				6DE532A2272E8E0E00DCBEBF /* Resources */,
				07BE93B5E5AA34FA3BDDB918 /* [CP] Embed Pods Frameworks */,
			);
			buildRules = (
			);
			dependencies = (
			);
			name = "FirebaseDemo-2B";
			productName = "FirebaseDemo-2B";
			productReference = 6DE532A4272E8E0E00DCBEBF /* FirebaseDemo-2B.app */;
			productType = "com.apple.product-type.application";
		};
		6DE532B9272E8E1000DCBEBF /* FirebaseDemo-2BTests */ = {
			isa = PBXNativeTarget;
			buildConfigurationList = 6DE532D1272E8E1000DCBEBF /* Build configuration list for PBXNativeTarget "FirebaseDemo-2BTests" */;
			buildPhases = (
				9E9D67D3497423518D34634D /* [CP] Check Pods Manifest.lock */,
				6DE532B6272E8E1000DCBEBF /* Sources */,
				6DE532B7272E8E1000DCBEBF /* Frameworks */,
				6DE532B8272E8E1000DCBEBF /* Resources */,
			);
			buildRules = (
			);
			dependencies = (
				6DE532BC272E8E1000DCBEBF /* PBXTargetDependency */,
			);
			name = "FirebaseDemo-2BTests";
			productName = "FirebaseDemo-2BTests";
			productReference = 6DE532BA272E8E1000DCBEBF /* FirebaseDemo-2BTests.xctest */;
			productType = "com.apple.product-type.bundle.unit-test";
		};
		6DE532C3272E8E1000DCBEBF /* FirebaseDemo-2BUITests */ = {
			isa = PBXNativeTarget;
			buildConfigurationList = 6DE532D4272E8E1000DCBEBF /* Build configuration list for PBXNativeTarget "FirebaseDemo-2BUITests" */;
			buildPhases = (
				B7652D38D2CB6A740D49248D /* [CP] Check Pods Manifest.lock */,
				6DE532C0272E8E1000DCBEBF /* Sources */,
				6DE532C1272E8E1000DCBEBF /* Frameworks */,
				6DE532C2272E8E1000DCBEBF /* Resources */,
				9970342C34886CAFD38936CF /* [CP] Embed Pods Frameworks */,
			);
			buildRules = (
			);
			dependencies = (
				6DE532C6272E8E1000DCBEBF /* PBXTargetDependency */,
			);
			name = "FirebaseDemo-2BUITests";
			productName = "FirebaseDemo-2BUITests";
			productReference = 6DE532C4272E8E1000DCBEBF /* FirebaseDemo-2BUITests.xctest */;
			productType = "com.apple.product-type.bundle.ui-testing";
		};
/* End PBXNativeTarget section */

/* Begin PBXProject section */
		6DE5329C272E8E0E00DCBEBF /* Project object */ = {
			isa = PBXProject;
			attributes = {
				BuildIndependentTargetsInParallel = 1;
				LastSwiftUpdateCheck = 1310;
				LastUpgradeCheck = 1310;
				TargetAttributes = {
					6DE532A3272E8E0E00DCBEBF = {
						CreatedOnToolsVersion = 13.1;
					};
					6DE532B9272E8E1000DCBEBF = {
						CreatedOnToolsVersion = 13.1;
						TestTargetID = 6DE532A3272E8E0E00DCBEBF;
					};
					6DE532C3272E8E1000DCBEBF = {
						CreatedOnToolsVersion = 13.1;
						TestTargetID = 6DE532A3272E8E0E00DCBEBF;
					};
				};
			};
			buildConfigurationList = 6DE5329F272E8E0E00DCBEBF /* Build configuration list for PBXProject "FirebaseDemo-2B" */;
			compatibilityVersion = "Xcode 13.0";
			developmentRegion = en;
			hasScannedForEncodings = 0;
			knownRegions = (
				en,
				Base,
			);
			mainGroup = 6DE5329B272E8E0E00DCBEBF;
			productRefGroup = 6DE532A5272E8E0E00DCBEBF /* Products */;
			projectDirPath = "";
			projectRoot = "";
			targets = (
				6DE532A3272E8E0E00DCBEBF /* FirebaseDemo-2B */,
				6DE532B9272E8E1000DCBEBF /* FirebaseDemo-2BTests */,
				6DE532C3272E8E1000DCBEBF /* FirebaseDemo-2BUITests */,
			);
		};
/* End PBXProject section */

/* Begin PBXResourcesBuildPhase section */
		6DE532A2272E8E0E00DCBEBF /* Resources */ = {
			isa = PBXResourcesBuildPhase;
			buildActionMask = 2147483647;
			files = (
				6DE532B4272E8E1000DCBEBF /* LaunchScreen.storyboard in Resources */,
				6DE532D8272E8FE900DCBEBF /* GoogleService-Info.plist in Resources */,
				6DE532B1272E8E1000DCBEBF /* Assets.xcassets in Resources */,
				6DE532AF272E8E0E00DCBEBF /* Main.storyboard in Resources */,
			);
			runOnlyForDeploymentPostprocessing = 0;
		};
		6DE532B8272E8E1000DCBEBF /* Resources */ = {
			isa = PBXResourcesBuildPhase;
			buildActionMask = 2147483647;
			files = (
			);
			runOnlyForDeploymentPostprocessing = 0;
		};
		6DE532C2272E8E1000DCBEBF /* Resources */ = {
			isa = PBXResourcesBuildPhase;
			buildActionMask = 2147483647;
			files = (
			);
			runOnlyForDeploymentPostprocessing = 0;
		};
/* End PBXResourcesBuildPhase section */

/* Begin PBXShellScriptBuildPhase section */
		07BE93B5E5AA34FA3BDDB918 /* [CP] Embed Pods Frameworks */ = {
			isa = PBXShellScriptBuildPhase;
			buildActionMask = 2147483647;
			files = (
			);
			inputFileListPaths = (
				"${PODS_ROOT}/Target Support Files/Pods-FirebaseDemo-2B/Pods-FirebaseDemo-2B-frameworks-${CONFIGURATION}-input-files.xcfilelist",
			);
			name = "[CP] Embed Pods Frameworks";
			outputFileListPaths = (
				"${PODS_ROOT}/Target Support Files/Pods-FirebaseDemo-2B/Pods-FirebaseDemo-2B-frameworks-${CONFIGURATION}-output-files.xcfilelist",
			);
			runOnlyForDeploymentPostprocessing = 0;
			shellPath = /bin/sh;
			shellScript = "\"${PODS_ROOT}/Target Support Files/Pods-FirebaseDemo-2B/Pods-FirebaseDemo-2B-frameworks.sh\"\n";
			showEnvVarsInLog = 0;
		};
		9970342C34886CAFD38936CF /* [CP] Embed Pods Frameworks */ = {
			isa = PBXShellScriptBuildPhase;
			buildActionMask = 2147483647;
			files = (
			);
			inputFileListPaths = (
				"${PODS_ROOT}/Target Support Files/Pods-FirebaseDemo-2B-FirebaseDemo-2BUITests/Pods-FirebaseDemo-2B-FirebaseDemo-2BUITests-frameworks-${CONFIGURATION}-input-files.xcfilelist",
			);
			name = "[CP] Embed Pods Frameworks";
			outputFileListPaths = (
				"${PODS_ROOT}/Target Support Files/Pods-FirebaseDemo-2B-FirebaseDemo-2BUITests/Pods-FirebaseDemo-2B-FirebaseDemo-2BUITests-frameworks-${CONFIGURATION}-output-files.xcfilelist",
			);
			runOnlyForDeploymentPostprocessing = 0;
			shellPath = /bin/sh;
			shellScript = "\"${PODS_ROOT}/Target Support Files/Pods-FirebaseDemo-2B-FirebaseDemo-2BUITests/Pods-FirebaseDemo-2B-FirebaseDemo-2BUITests-frameworks.sh\"\n";
			showEnvVarsInLog = 0;
		};
		9E9D67D3497423518D34634D /* [CP] Check Pods Manifest.lock */ = {
			isa = PBXShellScriptBuildPhase;
			buildActionMask = 2147483647;
			files = (
			);
			inputFileListPaths = (
			);
			inputPaths = (
				"${PODS_PODFILE_DIR_PATH}/Podfile.lock",
				"${PODS_ROOT}/Manifest.lock",
			);
			name = "[CP] Check Pods Manifest.lock";
			outputFileListPaths = (
			);
			outputPaths = (
				"$(DERIVED_FILE_DIR)/Pods-FirebaseDemo-2BTests-checkManifestLockResult.txt",
			);
			runOnlyForDeploymentPostprocessing = 0;
			shellPath = /bin/sh;
			shellScript = "diff \"${PODS_PODFILE_DIR_PATH}/Podfile.lock\" \"${PODS_ROOT}/Manifest.lock\" > /dev/null\nif [ $? != 0 ] ; then\n    # print error to STDERR\n    echo \"error: The sandbox is not in sync with the Podfile.lock. Run 'pod install' or update your CocoaPods installation.\" >&2\n    exit 1\nfi\n# This output is used by Xcode 'outputs' to avoid re-running this script phase.\necho \"SUCCESS\" > \"${SCRIPT_OUTPUT_FILE_0}\"\n";
			showEnvVarsInLog = 0;
		};
		A3011731B51B1FEF2ABC1582 /* [CP] Check Pods Manifest.lock */ = {
			isa = PBXShellScriptBuildPhase;
			buildActionMask = 2147483647;
			files = (
			);
			inputFileListPaths = (
			);
			inputPaths = (
				"${PODS_PODFILE_DIR_PATH}/Podfile.lock",
				"${PODS_ROOT}/Manifest.lock",
			);
			name = "[CP] Check Pods Manifest.lock";
			outputFileListPaths = (
			);
			outputPaths = (
				"$(DERIVED_FILE_DIR)/Pods-FirebaseDemo-2B-checkManifestLockResult.txt",
			);
			runOnlyForDeploymentPostprocessing = 0;
			shellPath = /bin/sh;
			shellScript = "diff \"${PODS_PODFILE_DIR_PATH}/Podfile.lock\" \"${PODS_ROOT}/Manifest.lock\" > /dev/null\nif [ $? != 0 ] ; then\n    # print error to STDERR\n    echo \"error: The sandbox is not in sync with the Podfile.lock. Run 'pod install' or update your CocoaPods installation.\" >&2\n    exit 1\nfi\n# This output is used by Xcode 'outputs' to avoid re-running this script phase.\necho \"SUCCESS\" > \"${SCRIPT_OUTPUT_FILE_0}\"\n";
			showEnvVarsInLog = 0;
		};
		B7652D38D2CB6A740D49248D /* [CP] Check Pods Manifest.lock */ = {
			isa = PBXShellScriptBuildPhase;
			buildActionMask = 2147483647;
			files = (
			);
			inputFileListPaths = (
			);
			inputPaths = (
				"${PODS_PODFILE_DIR_PATH}/Podfile.lock",
				"${PODS_ROOT}/Manifest.lock",
			);
			name = "[CP] Check Pods Manifest.lock";
			outputFileListPaths = (
			);
			outputPaths = (
				"$(DERIVED_FILE_DIR)/Pods-FirebaseDemo-2B-FirebaseDemo-2BUITests-checkManifestLockResult.txt",
			);
			runOnlyForDeploymentPostprocessing = 0;
			shellPath = /bin/sh;
			shellScript = "diff \"${PODS_PODFILE_DIR_PATH}/Podfile.lock\" \"${PODS_ROOT}/Manifest.lock\" > /dev/null\nif [ $? != 0 ] ; then\n    # print error to STDERR\n    echo \"error: The sandbox is not in sync with the Podfile.lock. Run 'pod install' or update your CocoaPods installation.\" >&2\n    exit 1\nfi\n# This output is used by Xcode 'outputs' to avoid re-running this script phase.\necho \"SUCCESS\" > \"${SCRIPT_OUTPUT_FILE_0}\"\n";
			showEnvVarsInLog = 0;
		};
/* End PBXShellScriptBuildPhase section */

/* Begin PBXSourcesBuildPhase section */
		6DE532A0272E8E0E00DCBEBF /* Sources */ = {
			isa = PBXSourcesBuildPhase;
			buildActionMask = 2147483647;
			files = (
				6DE532AC272E8E0E00DCBEBF /* ViewController.swift in Sources */,
				6DE532A8272E8E0E00DCBEBF /* AppDelegate.swift in Sources */,
				6DE532AA272E8E0E00DCBEBF /* SceneDelegate.swift in Sources */,
			);
			runOnlyForDeploymentPostprocessing = 0;
		};
		6DE532B6272E8E1000DCBEBF /* Sources */ = {
			isa = PBXSourcesBuildPhase;
			buildActionMask = 2147483647;
			files = (
				6DE532BF272E8E1000DCBEBF /* FirebaseDemo_2BTests.swift in Sources */,
			);
			runOnlyForDeploymentPostprocessing = 0;
		};
		6DE532C0272E8E1000DCBEBF /* Sources */ = {
			isa = PBXSourcesBuildPhase;
			buildActionMask = 2147483647;
			files = (
				6DE532CB272E8E1000DCBEBF /* FirebaseDemo_2BUITestsLaunchTests.swift in Sources */,
				6DE532C9272E8E1000DCBEBF /* FirebaseDemo_2BUITests.swift in Sources */,
			);
			runOnlyForDeploymentPostprocessing = 0;
		};
/* End PBXSourcesBuildPhase section */

/* Begin PBXTargetDependency section */
		6DE532BC272E8E1000DCBEBF /* PBXTargetDependency */ = {
			isa = PBXTargetDependency;
			target = 6DE532A3272E8E0E00DCBEBF /* FirebaseDemo-2B */;
			targetProxy = 6DE532BB272E8E1000DCBEBF /* PBXContainerItemProxy */;
		};
		6DE532C6272E8E1000DCBEBF /* PBXTargetDependency */ = {
			isa = PBXTargetDependency;
			target = 6DE532A3272E8E0E00DCBEBF /* FirebaseDemo-2B */;
			targetProxy = 6DE532C5272E8E1000DCBEBF /* PBXContainerItemProxy */;
		};
/* End PBXTargetDependency section */

/* Begin PBXVariantGroup section */
		6DE532AD272E8E0E00DCBEBF /* Main.storyboard */ = {
			isa = PBXVariantGroup;
			children = (
				6DE532AE272E8E0E00DCBEBF /* Base */,
			);
			name = Main.storyboard;
			sourceTree = "<group>";
		};
		6DE532B2272E8E1000DCBEBF /* LaunchScreen.storyboard */ = {
			isa = PBXVariantGroup;
			children = (
				6DE532B3272E8E1000DCBEBF /* Base */,
			);
			name = LaunchScreen.storyboard;
			sourceTree = "<group>";
		};
/* End PBXVariantGroup section */

/* Begin XCBuildConfiguration section */
		6DE532CC272E8E1000DCBEBF /* Debug */ = {
			isa = XCBuildConfiguration;
			buildSettings = {
				ALWAYS_SEARCH_USER_PATHS = NO;
				CLANG_ANALYZER_NONNULL = YES;
				CLANG_ANALYZER_NUMBER_OBJECT_CONVERSION = YES_AGGRESSIVE;
				CLANG_CXX_LANGUAGE_STANDARD = "gnu++17";
				CLANG_CXX_LIBRARY = "libc++";
				CLANG_ENABLE_MODULES = YES;
				CLANG_ENABLE_OBJC_ARC = YES;
				CLANG_ENABLE_OBJC_WEAK = YES;
				CLANG_WARN_BLOCK_CAPTURE_AUTORELEASING = YES;
				CLANG_WARN_BOOL_CONVERSION = YES;
				CLANG_WARN_COMMA = YES;
				CLANG_WARN_CONSTANT_CONVERSION = YES;
				CLANG_WARN_DEPRECATED_OBJC_IMPLEMENTATIONS = YES;
				CLANG_WARN_DIRECT_OBJC_ISA_USAGE = YES_ERROR;
				CLANG_WARN_DOCUMENTATION_COMMENTS = YES;
				CLANG_WARN_EMPTY_BODY = YES;
				CLANG_WARN_ENUM_CONVERSION = YES;
				CLANG_WARN_INFINITE_RECURSION = YES;
				CLANG_WARN_INT_CONVERSION = YES;
				CLANG_WARN_NON_LITERAL_NULL_CONVERSION = YES;
				CLANG_WARN_OBJC_IMPLICIT_RETAIN_SELF = YES;
				CLANG_WARN_OBJC_LITERAL_CONVERSION = YES;
				CLANG_WARN_OBJC_ROOT_CLASS = YES_ERROR;
				CLANG_WARN_QUOTED_INCLUDE_IN_FRAMEWORK_HEADER = YES;
				CLANG_WARN_RANGE_LOOP_ANALYSIS = YES;
				CLANG_WARN_STRICT_PROTOTYPES = YES;
				CLANG_WARN_SUSPICIOUS_MOVE = YES;
				CLANG_WARN_UNGUARDED_AVAILABILITY = YES_AGGRESSIVE;
				CLANG_WARN_UNREACHABLE_CODE = YES;
				CLANG_WARN__DUPLICATE_METHOD_MATCH = YES;
				COPY_PHASE_STRIP = NO;
				DEBUG_INFORMATION_FORMAT = dwarf;
				ENABLE_STRICT_OBJC_MSGSEND = YES;
				ENABLE_TESTABILITY = YES;
				GCC_C_LANGUAGE_STANDARD = gnu11;
				GCC_DYNAMIC_NO_PIC = NO;
				GCC_NO_COMMON_BLOCKS = YES;
				GCC_OPTIMIZATION_LEVEL = 0;
				GCC_PREPROCESSOR_DEFINITIONS = (
					"DEBUG=1",
					"$(inherited)",
				);
				GCC_WARN_64_TO_32_BIT_CONVERSION = YES;
				GCC_WARN_ABOUT_RETURN_TYPE = YES_ERROR;
				GCC_WARN_UNDECLARED_SELECTOR = YES;
				GCC_WARN_UNINITIALIZED_AUTOS = YES_AGGRESSIVE;
				GCC_WARN_UNUSED_FUNCTION = YES;
				GCC_WARN_UNUSED_VARIABLE = YES;
				IPHONEOS_DEPLOYMENT_TARGET = 15.0;
				MTL_ENABLE_DEBUG_INFO = INCLUDE_SOURCE;
				MTL_FAST_MATH = YES;
				ONLY_ACTIVE_ARCH = YES;
				SDKROOT = iphoneos;
				SWIFT_ACTIVE_COMPILATION_CONDITIONS = DEBUG;
				SWIFT_OPTIMIZATION_LEVEL = "-Onone";
			};
			name = Debug;
		};
		6DE532CD272E8E1000DCBEBF /* Release */ = {
			isa = XCBuildConfiguration;
			buildSettings = {
				ALWAYS_SEARCH_USER_PATHS = NO;
				CLANG_ANALYZER_NONNULL = YES;
				CLANG_ANALYZER_NUMBER_OBJECT_CONVERSION = YES_AGGRESSIVE;
				CLANG_CXX_LANGUAGE_STANDARD = "gnu++17";
				CLANG_CXX_LIBRARY = "libc++";
				CLANG_ENABLE_MODULES = YES;
				CLANG_ENABLE_OBJC_ARC = YES;
				CLANG_ENABLE_OBJC_WEAK = YES;
				CLANG_WARN_BLOCK_CAPTURE_AUTORELEASING = YES;
				CLANG_WARN_BOOL_CONVERSION = YES;
				CLANG_WARN_COMMA = YES;
				CLANG_WARN_CONSTANT_CONVERSION = YES;
				CLANG_WARN_DEPRECATED_OBJC_IMPLEMENTATIONS = YES;
				CLANG_WARN_DIRECT_OBJC_ISA_USAGE = YES_ERROR;
				CLANG_WARN_DOCUMENTATION_COMMENTS = YES;
				CLANG_WARN_EMPTY_BODY = YES;
				CLANG_WARN_ENUM_CONVERSION = YES;
				CLANG_WARN_INFINITE_RECURSION = YES;
				CLANG_WARN_INT_CONVERSION = YES;
				CLANG_WARN_NON_LITERAL_NULL_CONVERSION = YES;
				CLANG_WARN_OBJC_IMPLICIT_RETAIN_SELF = YES;
				CLANG_WARN_OBJC_LITERAL_CONVERSION = YES;
				CLANG_WARN_OBJC_ROOT_CLASS = YES_ERROR;
				CLANG_WARN_QUOTED_INCLUDE_IN_FRAMEWORK_HEADER = YES;
				CLANG_WARN_RANGE_LOOP_ANALYSIS = YES;
				CLANG_WARN_STRICT_PROTOTYPES = YES;
				CLANG_WARN_SUSPICIOUS_MOVE = YES;
				CLANG_WARN_UNGUARDED_AVAILABILITY = YES_AGGRESSIVE;
				CLANG_WARN_UNREACHABLE_CODE = YES;
				CLANG_WARN__DUPLICATE_METHOD_MATCH = YES;
				COPY_PHASE_STRIP = NO;
				DEBUG_INFORMATION_FORMAT = "dwarf-with-dsym";
				ENABLE_NS_ASSERTIONS = NO;
				ENABLE_STRICT_OBJC_MSGSEND = YES;
				GCC_C_LANGUAGE_STANDARD = gnu11;
				GCC_NO_COMMON_BLOCKS = YES;
				GCC_WARN_64_TO_32_BIT_CONVERSION = YES;
				GCC_WARN_ABOUT_RETURN_TYPE = YES_ERROR;
				GCC_WARN_UNDECLARED_SELECTOR = YES;
				GCC_WARN_UNINITIALIZED_AUTOS = YES_AGGRESSIVE;
				GCC_WARN_UNUSED_FUNCTION = YES;
				GCC_WARN_UNUSED_VARIABLE = YES;
				IPHONEOS_DEPLOYMENT_TARGET = 15.0;
				MTL_ENABLE_DEBUG_INFO = NO;
				MTL_FAST_MATH = YES;
				SDKROOT = iphoneos;
				SWIFT_COMPILATION_MODE = wholemodule;
				SWIFT_OPTIMIZATION_LEVEL = "-O";
				VALIDATE_PRODUCT = YES;
			};
			name = Release;
		};
		6DE532CF272E8E1000DCBEBF /* Debug */ = {
			isa = XCBuildConfiguration;
			baseConfigurationReference = 55F09B1F92C4000BC1FAAFE9 /* Pods-FirebaseDemo-2B.debug.xcconfig */;
			buildSettings = {
				ASSETCATALOG_COMPILER_APPICON_NAME = AppIcon;
				ASSETCATALOG_COMPILER_GLOBAL_ACCENT_COLOR_NAME = AccentColor;
				CODE_SIGN_ENTITLEMENTS = "FirebaseDemo-2B/FirebaseDemo-2B.entitlements";
				CODE_SIGN_STYLE = Automatic;
				CURRENT_PROJECT_VERSION = 1;
				DEVELOPMENT_TEAM = UAZ938L9FJ;
				GENERATE_INFOPLIST_FILE = YES;
				INFOPLIST_FILE = "FirebaseDemo-2B/Info.plist";
				INFOPLIST_KEY_UIApplicationSupportsIndirectInputEvents = YES;
				INFOPLIST_KEY_UILaunchStoryboardName = LaunchScreen;
				INFOPLIST_KEY_UIMainStoryboardFile = Main;
				INFOPLIST_KEY_UISupportedInterfaceOrientations_iPad = "UIInterfaceOrientationPortrait UIInterfaceOrientationPortraitUpsideDown UIInterfaceOrientationLandscapeLeft UIInterfaceOrientationLandscapeRight";
				INFOPLIST_KEY_UISupportedInterfaceOrientations_iPhone = "UIInterfaceOrientationPortrait UIInterfaceOrientationLandscapeLeft UIInterfaceOrientationLandscapeRight";
				LD_RUNPATH_SEARCH_PATHS = (
					"$(inherited)",
					"@executable_path/Frameworks",
				);
				MARKETING_VERSION = 1.0;
				PRODUCT_BUNDLE_IDENTIFIER = "com.elshakoushy.FirebaseDemo-2B";
				PRODUCT_NAME = "$(TARGET_NAME)";
				SWIFT_EMIT_LOC_STRINGS = YES;
				SWIFT_VERSION = 5.0;
				TARGETED_DEVICE_FAMILY = "1,2";
			};
			name = Debug;
		};
		6DE532D0272E8E1000DCBEBF /* Release */ = {
			isa = XCBuildConfiguration;
			baseConfigurationReference = 5046BD5718C900C2E5D468D0 /* Pods-FirebaseDemo-2B.release.xcconfig */;
			buildSettings = {
				ASSETCATALOG_COMPILER_APPICON_NAME = AppIcon;
				ASSETCATALOG_COMPILER_GLOBAL_ACCENT_COLOR_NAME = AccentColor;
				CODE_SIGN_ENTITLEMENTS = "FirebaseDemo-2B/FirebaseDemo-2B.entitlements";
				CODE_SIGN_STYLE = Automatic;
				CURRENT_PROJECT_VERSION = 1;
				DEVELOPMENT_TEAM = UAZ938L9FJ;
				GENERATE_INFOPLIST_FILE = YES;
				INFOPLIST_FILE = "FirebaseDemo-2B/Info.plist";
				INFOPLIST_KEY_UIApplicationSupportsIndirectInputEvents = YES;
				INFOPLIST_KEY_UILaunchStoryboardName = LaunchScreen;
				INFOPLIST_KEY_UIMainStoryboardFile = Main;
				INFOPLIST_KEY_UISupportedInterfaceOrientations_iPad = "UIInterfaceOrientationPortrait UIInterfaceOrientationPortraitUpsideDown UIInterfaceOrientationLandscapeLeft UIInterfaceOrientationLandscapeRight";
				INFOPLIST_KEY_UISupportedInterfaceOrientations_iPhone = "UIInterfaceOrientationPortrait UIInterfaceOrientationLandscapeLeft UIInterfaceOrientationLandscapeRight";
				LD_RUNPATH_SEARCH_PATHS = (
					"$(inherited)",
					"@executable_path/Frameworks",
				);
				MARKETING_VERSION = 1.0;
				PRODUCT_BUNDLE_IDENTIFIER = "com.elshakoushy.FirebaseDemo-2B";
				PRODUCT_NAME = "$(TARGET_NAME)";
				SWIFT_EMIT_LOC_STRINGS = YES;
				SWIFT_VERSION = 5.0;
				TARGETED_DEVICE_FAMILY = "1,2";
			};
			name = Release;
		};
		6DE532D2272E8E1000DCBEBF /* Debug */ = {
			isa = XCBuildConfiguration;
			baseConfigurationReference = BBAE3F92EE83330455A5EA04 /* Pods-FirebaseDemo-2BTests.debug.xcconfig */;
			buildSettings = {
				ALWAYS_EMBED_SWIFT_STANDARD_LIBRARIES = YES;
				BUNDLE_LOADER = "$(TEST_HOST)";
				CODE_SIGN_STYLE = Automatic;
				CURRENT_PROJECT_VERSION = 1;
				DEVELOPMENT_TEAM = UAZ938L9FJ;
				GENERATE_INFOPLIST_FILE = YES;
				IPHONEOS_DEPLOYMENT_TARGET = 15.0;
				LD_RUNPATH_SEARCH_PATHS = (
					"$(inherited)",
					"@executable_path/Frameworks",
					"@loader_path/Frameworks",
				);
				MARKETING_VERSION = 1.0;
				PRODUCT_BUNDLE_IDENTIFIER = "com.elshakoushy.FirebaseDemo-2BTests";
				PRODUCT_NAME = "$(TARGET_NAME)";
				SWIFT_EMIT_LOC_STRINGS = NO;
				SWIFT_VERSION = 5.0;
				TARGETED_DEVICE_FAMILY = "1,2";
				TEST_HOST = "$(BUILT_PRODUCTS_DIR)/FirebaseDemo-2B.app/FirebaseDemo-2B";
			};
			name = Debug;
		};
		6DE532D3272E8E1000DCBEBF /* Release */ = {
			isa = XCBuildConfiguration;
			baseConfigurationReference = 7D4D80A91A9685D8C88C6B98 /* Pods-FirebaseDemo-2BTests.release.xcconfig */;
			buildSettings = {
				ALWAYS_EMBED_SWIFT_STANDARD_LIBRARIES = YES;
				BUNDLE_LOADER = "$(TEST_HOST)";
				CODE_SIGN_STYLE = Automatic;
				CURRENT_PROJECT_VERSION = 1;
				DEVELOPMENT_TEAM = UAZ938L9FJ;
				GENERATE_INFOPLIST_FILE = YES;
				IPHONEOS_DEPLOYMENT_TARGET = 15.0;
				LD_RUNPATH_SEARCH_PATHS = (
					"$(inherited)",
					"@executable_path/Frameworks",
					"@loader_path/Frameworks",
				);
				MARKETING_VERSION = 1.0;
				PRODUCT_BUNDLE_IDENTIFIER = "com.elshakoushy.FirebaseDemo-2BTests";
				PRODUCT_NAME = "$(TARGET_NAME)";
				SWIFT_EMIT_LOC_STRINGS = NO;
				SWIFT_VERSION = 5.0;
				TARGETED_DEVICE_FAMILY = "1,2";
				TEST_HOST = "$(BUILT_PRODUCTS_DIR)/FirebaseDemo-2B.app/FirebaseDemo-2B";
			};
			name = Release;
		};
		6DE532D5272E8E1000DCBEBF /* Debug */ = {
			isa = XCBuildConfiguration;
			baseConfigurationReference = FA40CFC4B75AE9C94E625342 /* Pods-FirebaseDemo-2B-FirebaseDemo-2BUITests.debug.xcconfig */;
			buildSettings = {
				ALWAYS_EMBED_SWIFT_STANDARD_LIBRARIES = YES;
				CODE_SIGN_STYLE = Automatic;
				CURRENT_PROJECT_VERSION = 1;
				DEVELOPMENT_TEAM = UAZ938L9FJ;
				GENERATE_INFOPLIST_FILE = YES;
				LD_RUNPATH_SEARCH_PATHS = (
					"$(inherited)",
					"@executable_path/Frameworks",
					"@loader_path/Frameworks",
				);
				MARKETING_VERSION = 1.0;
				PRODUCT_BUNDLE_IDENTIFIER = "com.elshakoushy.FirebaseDemo-2BUITests";
				PRODUCT_NAME = "$(TARGET_NAME)";
				SWIFT_EMIT_LOC_STRINGS = NO;
				SWIFT_VERSION = 5.0;
				TARGETED_DEVICE_FAMILY = "1,2";
				TEST_TARGET_NAME = "FirebaseDemo-2B";
			};
			name = Debug;
		};
		6DE532D6272E8E1000DCBEBF /* Release */ = {
			isa = XCBuildConfiguration;
			baseConfigurationReference = A2DE814A1331377C86BC0578 /* Pods-FirebaseDemo-2B-FirebaseDemo-2BUITests.release.xcconfig */;
			buildSettings = {
				ALWAYS_EMBED_SWIFT_STANDARD_LIBRARIES = YES;
				CODE_SIGN_STYLE = Automatic;
				CURRENT_PROJECT_VERSION = 1;
				DEVELOPMENT_TEAM = UAZ938L9FJ;
				GENERATE_INFOPLIST_FILE = YES;
				LD_RUNPATH_SEARCH_PATHS = (
					"$(inherited)",
					"@executable_path/Frameworks",
					"@loader_path/Frameworks",
				);
				MARKETING_VERSION = 1.0;
				PRODUCT_BUNDLE_IDENTIFIER = "com.elshakoushy.FirebaseDemo-2BUITests";
				PRODUCT_NAME = "$(TARGET_NAME)";
				SWIFT_EMIT_LOC_STRINGS = NO;
				SWIFT_VERSION = 5.0;
				TARGETED_DEVICE_FAMILY = "1,2";
				TEST_TARGET_NAME = "FirebaseDemo-2B";
			};
			name = Release;
		};
/* End XCBuildConfiguration section */

/* Begin XCConfigurationList section */
		6DE5329F272E8E0E00DCBEBF /* Build configuration list for PBXProject "FirebaseDemo-2B" */ = {
			isa = XCConfigurationList;
			buildConfigurations = (
				6DE532CC272E8E1000DCBEBF /* Debug */,
				6DE532CD272E8E1000DCBEBF /* Release */,
			);
			defaultConfigurationIsVisible = 0;
			defaultConfigurationName = Release;
		};
		6DE532CE272E8E1000DCBEBF /* Build configuration list for PBXNativeTarget "FirebaseDemo-2B" */ = {
			isa = XCConfigurationList;
			buildConfigurations = (
				6DE532CF272E8E1000DCBEBF /* Debug */,
				6DE532D0272E8E1000DCBEBF /* Release */,
			);
			defaultConfigurationIsVisible = 0;
			defaultConfigurationName = Release;
		};
		6DE532D1272E8E1000DCBEBF /* Build configuration list for PBXNativeTarget "FirebaseDemo-2BTests" */ = {
			isa = XCConfigurationList;
			buildConfigurations = (
				6DE532D2272E8E1000DCBEBF /* Debug */,
				6DE532D3272E8E1000DCBEBF /* Release */,
			);
			defaultConfigurationIsVisible = 0;
			defaultConfigurationName = Release;
		};
		6DE532D4272E8E1000DCBEBF /* Build configuration list for PBXNativeTarget "FirebaseDemo-2BUITests" */ = {
			isa = XCConfigurationList;
			buildConfigurations = (
				6DE532D5272E8E1000DCBEBF /* Debug */,
				6DE532D6272E8E1000DCBEBF /* Release */,
			);
			defaultConfigurationIsVisible = 0;
			defaultConfigurationName = Release;
		};
/* End XCConfigurationList section */
	};
	rootObject = 6DE5329C272E8E0E00DCBEBF /* Project object */;
}
